
Microsoft Visual Studio Solution File, Format Version 12.00
# Visual Studio Version 17
VisualStudioVersion = 17.5.002.0
MinimumVisualStudioVersion = 10.0.40219.1
Project("{9A19103F-16F7-4668-BE54-9A1E7A4F7556}") = "SistemasOperativos", "SistemasOperativos.csproj", "{3E9BD240-32C4-495D-ACE3-238BE62E7925}"
EndProject
Global
	GlobalSection(SolutionConfigurationPlatforms) = preSolution
		Debug|Any CPU = Debug|Any CPU
		Release|Any CPU = Release|Any CPU
	EndGlobalSection
	GlobalSection(ProjectConfigurationPlatforms) = postSolution
		{3E9BD240-32C4-495D-ACE3-238BE62E7925}.Debug|Any CPU.ActiveCfg = Debug|Any CPU
		{3E9BD240-32C4-495D-ACE3-238BE62E7925}.Debug|Any CPU.Build.0 = Debug|Any CPU
		{3E9BD240-32C4-495D-ACE3-238BE62E7925}.Release|Any CPU.ActiveCfg = Release|Any CPU
		{3E9BD240-32C4-495D-ACE3-238BE62E7925}.Release|Any CPU.Build.0 = Release|Any CPU
	EndGlobalSection
	GlobalSection(SolutionProperties) = preSolution
		HideSolutionNode = FALSE
	EndGlobalSection
	GlobalSection(ExtensibilityGlobals) = postSolution
		SolutionGuid = {F2ACAB77-C798-40FA-87EB-F5969D3FD98B}
	EndGlobalSection
EndGlobal
